
Microsoft Visual Studio Solution File, Format Version 12.00
# Visual Studio Version 17
VisualStudioVersion = 17.3.32929.385
MinimumVisualStudioVersion = 10.0.40219.1
Project("{9A19103F-16F7-4668-BE54-9A1E7A4F7556}") = "TestUniRoues", "TestUniRoues\TestUniRoues.csproj", "{66D5AE33-07BA-498A-B253-78A45B990061}"
EndProject
Project("{9A19103F-16F7-4668-BE54-9A1E7A4F7556}") = "CL_Voiture", "CL_Voiture\CL_Voiture.csproj", "{09FEF4E7-D223-4DF0-98D8-6A75E49AB86F}"
EndProject
Project("{FAE04EC0-301F-11D3-BF4B-00C04F79EFBC}") = "ConsoleAppVoiture", "ConsoleAppVoiture\ConsoleAppVoiture.csproj", "{9E8456A9-2AE2-4406-97C9-080C820D5A1E}"
EndProject
Global
	GlobalSection(SolutionConfigurationPlatforms) = preSolution
		Debug|Any CPU = Debug|Any CPU
		Release|Any CPU = Release|Any CPU
	EndGlobalSection
	GlobalSection(ProjectConfigurationPlatforms) = postSolution
		{66D5AE33-07BA-498A-B253-78A45B990061}.Debug|Any CPU.ActiveCfg = Debug|Any CPU
		{66D5AE33-07BA-498A-B253-78A45B990061}.Debug|Any CPU.Build.0 = Debug|Any CPU
		{66D5AE33-07BA-498A-B253-78A45B990061}.Release|Any CPU.ActiveCfg = Release|Any CPU
		{66D5AE33-07BA-498A-B253-78A45B990061}.Release|Any CPU.Build.0 = Release|Any CPU
		{09FEF4E7-D223-4DF0-98D8-6A75E49AB86F}.Debug|Any CPU.ActiveCfg = Debug|Any CPU
		{09FEF4E7-D223-4DF0-98D8-6A75E49AB86F}.Debug|Any CPU.Build.0 = Debug|Any CPU
		{09FEF4E7-D223-4DF0-98D8-6A75E49AB86F}.Release|Any CPU.ActiveCfg = Release|Any CPU
		{09FEF4E7-D223-4DF0-98D8-6A75E49AB86F}.Release|Any CPU.Build.0 = Release|Any CPU
		{9E8456A9-2AE2-4406-97C9-080C820D5A1E}.Debug|Any CPU.ActiveCfg = Debug|Any CPU
		{9E8456A9-2AE2-4406-97C9-080C820D5A1E}.Debug|Any CPU.Build.0 = Debug|Any CPU
		{9E8456A9-2AE2-4406-97C9-080C820D5A1E}.Release|Any CPU.ActiveCfg = Release|Any CPU
		{9E8456A9-2AE2-4406-97C9-080C820D5A1E}.Release|Any CPU.Build.0 = Release|Any CPU
	EndGlobalSection
	GlobalSection(SolutionProperties) = preSolution
		HideSolutionNode = FALSE
	EndGlobalSection
	GlobalSection(ExtensibilityGlobals) = postSolution
		SolutionGuid = {028F678A-2832-408C-943E-2045634303BB}
	EndGlobalSection
EndGlobal
