
Microsoft Visual Studio Solution File, Format Version 12.00
# Visual Studio Version 17
VisualStudioVersion = 17.3.32929.385
MinimumVisualStudioVersion = 10.0.40219.1
Project("{9A19103F-16F7-4668-BE54-9A1E7A4F7556}") = "Lepidoptere_OBJ", "Lepidoptere_OBJ\Lepidoptere_OBJ.csproj", "{21C7F883-C257-4B5A-9AE0-5CE359D37015}"
EndProject
Project("{FAE04EC0-301F-11D3-BF4B-00C04F79EFBC}") = "ConsoleLepidoptere", "ConsoleLepidoptere\ConsoleLepidoptere.csproj", "{3400C538-443C-4CAE-894D-7A61D7027EBE}"
EndProject
Global
	GlobalSection(SolutionConfigurationPlatforms) = preSolution
		Debug|Any CPU = Debug|Any CPU
		Release|Any CPU = Release|Any CPU
	EndGlobalSection
	GlobalSection(ProjectConfigurationPlatforms) = postSolution
		{21C7F883-C257-4B5A-9AE0-5CE359D37015}.Debug|Any CPU.ActiveCfg = Debug|Any CPU
		{21C7F883-C257-4B5A-9AE0-5CE359D37015}.Debug|Any CPU.Build.0 = Debug|Any CPU
		{21C7F883-C257-4B5A-9AE0-5CE359D37015}.Release|Any CPU.ActiveCfg = Release|Any CPU
		{21C7F883-C257-4B5A-9AE0-5CE359D37015}.Release|Any CPU.Build.0 = Release|Any CPU
		{3400C538-443C-4CAE-894D-7A61D7027EBE}.Debug|Any CPU.ActiveCfg = Debug|Any CPU
		{3400C538-443C-4CAE-894D-7A61D7027EBE}.Debug|Any CPU.Build.0 = Debug|Any CPU
		{3400C538-443C-4CAE-894D-7A61D7027EBE}.Release|Any CPU.ActiveCfg = Release|Any CPU
		{3400C538-443C-4CAE-894D-7A61D7027EBE}.Release|Any CPU.Build.0 = Release|Any CPU
	EndGlobalSection
	GlobalSection(SolutionProperties) = preSolution
		HideSolutionNode = FALSE
	EndGlobalSection
	GlobalSection(ExtensibilityGlobals) = postSolution
		SolutionGuid = {92C18BDA-DBC2-4D15-965E-C39358D50A8A}
	EndGlobalSection
EndGlobal
