
Microsoft Visual Studio Solution File, Format Version 12.00
# Visual Studio Version 17
VisualStudioVersion = 17.3.32929.385
MinimumVisualStudioVersion = 10.0.40219.1
Project("{FAE04EC0-301F-11D3-BF4B-00C04F79EFBC}") = "CL_Bouteille", "CL_Bouteille\CL_Bouteille.csproj", "{F2280260-C6D2-4C0C-B541-5A32E8421491}"
EndProject
Project("{FAE04EC0-301F-11D3-BF4B-00C04F79EFBC}") = "Projet_Bouteille", "Projet_Bouteille\Projet_Bouteille.csproj", "{FDEC229E-21AF-47A4-A7AB-B9BE0BC2CD6A}"
EndProject
Global
	GlobalSection(SolutionConfigurationPlatforms) = preSolution
		Debug|Any CPU = Debug|Any CPU
		Release|Any CPU = Release|Any CPU
	EndGlobalSection
	GlobalSection(ProjectConfigurationPlatforms) = postSolution
		{F2280260-C6D2-4C0C-B541-5A32E8421491}.Debug|Any CPU.ActiveCfg = Debug|Any CPU
		{F2280260-C6D2-4C0C-B541-5A32E8421491}.Debug|Any CPU.Build.0 = Debug|Any CPU
		{F2280260-C6D2-4C0C-B541-5A32E8421491}.Release|Any CPU.ActiveCfg = Release|Any CPU
		{F2280260-C6D2-4C0C-B541-5A32E8421491}.Release|Any CPU.Build.0 = Release|Any CPU
		{FDEC229E-21AF-47A4-A7AB-B9BE0BC2CD6A}.Debug|Any CPU.ActiveCfg = Debug|Any CPU
		{FDEC229E-21AF-47A4-A7AB-B9BE0BC2CD6A}.Debug|Any CPU.Build.0 = Debug|Any CPU
		{FDEC229E-21AF-47A4-A7AB-B9BE0BC2CD6A}.Release|Any CPU.ActiveCfg = Release|Any CPU
		{FDEC229E-21AF-47A4-A7AB-B9BE0BC2CD6A}.Release|Any CPU.Build.0 = Release|Any CPU
	EndGlobalSection
	GlobalSection(SolutionProperties) = preSolution
		HideSolutionNode = FALSE
	EndGlobalSection
	GlobalSection(ExtensibilityGlobals) = postSolution
		SolutionGuid = {61E3F6DF-4867-4815-ACFD-81AD9C6A2FF3}
	EndGlobalSection
EndGlobal
