
Microsoft Visual Studio Solution File, Format Version 12.00
# Visual Studio Version 17
VisualStudioVersion = 17.3.32929.385
MinimumVisualStudioVersion = 10.0.40219.1
Project("{9A19103F-16F7-4668-BE54-9A1E7A4F7556}") = "ExoAlgo01", "ExoAlgo01\ExoAlgo01.csproj", "{E4DDC21B-E94F-4144-BA72-F324C2CA2ABB}"
EndProject
Project("{9A19103F-16F7-4668-BE54-9A1E7A4F7556}") = "ExoAlgo02", "ExoAlgo02\ExoAlgo02.csproj", "{0A6F5A26-F9FE-449C-A76B-D301154A1F8E}"
EndProject
Project("{9A19103F-16F7-4668-BE54-9A1E7A4F7556}") = "ExoAlgo03", "ExoAlgo03\ExoAlgo03.csproj", "{6E370D98-B0B9-46FE-874B-E6B9782B9CDC}"
EndProject
Project("{9A19103F-16F7-4668-BE54-9A1E7A4F7556}") = "ExoAlgo04", "ExoAlgo04\ExoAlgo04.csproj", "{0D8123AE-3E48-4A1A-BF82-EA8F30D1825E}"
EndProject
Project("{9A19103F-16F7-4668-BE54-9A1E7A4F7556}") = "ExoAlgo05", "ExoAlgo05\ExoAlgo05.csproj", "{0D93C831-63EC-41A3-BD98-50E7B3D3FEC3}"
EndProject
Project("{9A19103F-16F7-4668-BE54-9A1E7A4F7556}") = "ExoAlgo2.1", "ExoAlgo2.1\ExoAlgo2.1.csproj", "{9B98E948-EFBB-40EC-BCFA-760324D40D91}"
EndProject
Project("{9A19103F-16F7-4668-BE54-9A1E7A4F7556}") = "ExoAlgo2.2", "ExoAlgo2.2\ExoAlgo2.2.csproj", "{25A08D58-16A1-4849-8EA8-9789F96ABCE6}"
EndProject
Project("{9A19103F-16F7-4668-BE54-9A1E7A4F7556}") = "ExoAlgo2.3", "ExoAlgo2.3\ExoAlgo2.3.csproj", "{D6EDAE7B-5A39-49FE-9776-F375F28EFDF9}"
EndProject
Project("{9A19103F-16F7-4668-BE54-9A1E7A4F7556}") = "ExoAlgo2.4", "ExoAlgo2.4\ExoAlgo2.4.csproj", "{074DB316-8CF3-4530-8183-A2D035C1DC0B}"
EndProject
Project("{9A19103F-16F7-4668-BE54-9A1E7A4F7556}") = "ExoAlgo2.5", "ExoAlgo2.5\ExoAlgo2.5.csproj", "{1048F084-DF34-4B3F-A23C-7A7DCAD34F7B}"
EndProject
Project("{9A19103F-16F7-4668-BE54-9A1E7A4F7556}") = "ExoAlgo3.1", "ExoAlgo3.1\ExoAlgo3.1.csproj", "{E8E2A45A-6965-47F9-B5D2-805E1774FAF5}"
EndProject
Project("{9A19103F-16F7-4668-BE54-9A1E7A4F7556}") = "ExoAlgo3.2", "ExoAlgo3.2\ExoAlgo3.2.csproj", "{7B951DC6-AE72-453E-AC4B-6F9E76F82416}"
EndProject
Project("{9A19103F-16F7-4668-BE54-9A1E7A4F7556}") = "ExoAlgo3.3", "ExoAlgo3.3\ExoAlgo3.3.csproj", "{81731CFD-C884-4FB4-B542-5033B2E5BB33}"
EndProject
Project("{9A19103F-16F7-4668-BE54-9A1E7A4F7556}") = "ExoAlgo3.4", "ExoAlgo3.4\ExoAlgo3.4.csproj", "{70AA6EA6-63E2-4C9E-835E-97A3044AB2A2}"
EndProject
Project("{9A19103F-16F7-4668-BE54-9A1E7A4F7556}") = "ExoAlgo3.5", "ExoAlgo3.5\ExoAlgo3.5.csproj", "{38F811D5-884A-4BEA-A9AF-755F4C12210F}"
EndProject
Project("{9A19103F-16F7-4668-BE54-9A1E7A4F7556}") = "ExoAlgo3.6", "ExoAlgo3.6\ExoAlgo3.6.csproj", "{11BD4D1C-69AE-4066-888F-736C6028F748}"
EndProject
Project("{9A19103F-16F7-4668-BE54-9A1E7A4F7556}") = "ExoAlgo3.7", "ExoAlgo3.7\ExoAlgo3.7.csproj", "{4EDC7E42-3527-455A-90CF-0C81649400CB}"
EndProject
Project("{9A19103F-16F7-4668-BE54-9A1E7A4F7556}") = "ExoAlgo4.1", "ExoAlgo4.1\ExoAlgo4.1.csproj", "{B6835B24-5F1E-4661-A73C-524E68EDC627}"
EndProject
Project("{9A19103F-16F7-4668-BE54-9A1E7A4F7556}") = "ExoAlgo4.2", "ExoAlgo4.2\ExoAlgo4.2.csproj", "{BE4F3061-CED5-4187-81C9-1659E4B64E8E}"
EndProject
Project("{9A19103F-16F7-4668-BE54-9A1E7A4F7556}") = "ExoAlgo4.3", "ExoAlgo4.3\ExoAlgo4.3.csproj", "{E663D769-227D-4251-BFEC-2705C8648CF7}"
EndProject
Project("{9A19103F-16F7-4668-BE54-9A1E7A4F7556}") = "ExoAlgo4.4", "ExoAlgo4.4\ExoAlgo4.4.csproj", "{DF1487B6-171E-498A-8965-6066F839311E}"
EndProject
Project("{FAE04EC0-301F-11D3-BF4B-00C04F79EFBC}") = "ExoAlgo4.5", "ExoAlgo4.5\ExoAlgo4.5.csproj", "{838F3D09-CD65-418F-83CD-0653349AF1FD}"
EndProject
Project("{FAE04EC0-301F-11D3-BF4B-00C04F79EFBC}") = "ExoAlgo5.1", "ExoAlgo5.1\ExoAlgo5.1.csproj", "{4682AC15-5910-44F7-81BF-9DF0537CF11A}"
EndProject
Global
	GlobalSection(SolutionConfigurationPlatforms) = preSolution
		Debug|Any CPU = Debug|Any CPU
		Release|Any CPU = Release|Any CPU
	EndGlobalSection
	GlobalSection(ProjectConfigurationPlatforms) = postSolution
		{E4DDC21B-E94F-4144-BA72-F324C2CA2ABB}.Debug|Any CPU.ActiveCfg = Debug|Any CPU
		{E4DDC21B-E94F-4144-BA72-F324C2CA2ABB}.Debug|Any CPU.Build.0 = Debug|Any CPU
		{E4DDC21B-E94F-4144-BA72-F324C2CA2ABB}.Release|Any CPU.ActiveCfg = Release|Any CPU
		{E4DDC21B-E94F-4144-BA72-F324C2CA2ABB}.Release|Any CPU.Build.0 = Release|Any CPU
		{0A6F5A26-F9FE-449C-A76B-D301154A1F8E}.Debug|Any CPU.ActiveCfg = Debug|Any CPU
		{0A6F5A26-F9FE-449C-A76B-D301154A1F8E}.Debug|Any CPU.Build.0 = Debug|Any CPU
		{0A6F5A26-F9FE-449C-A76B-D301154A1F8E}.Release|Any CPU.ActiveCfg = Release|Any CPU
		{0A6F5A26-F9FE-449C-A76B-D301154A1F8E}.Release|Any CPU.Build.0 = Release|Any CPU
		{6E370D98-B0B9-46FE-874B-E6B9782B9CDC}.Debug|Any CPU.ActiveCfg = Debug|Any CPU
		{6E370D98-B0B9-46FE-874B-E6B9782B9CDC}.Debug|Any CPU.Build.0 = Debug|Any CPU
		{6E370D98-B0B9-46FE-874B-E6B9782B9CDC}.Release|Any CPU.ActiveCfg = Release|Any CPU
		{6E370D98-B0B9-46FE-874B-E6B9782B9CDC}.Release|Any CPU.Build.0 = Release|Any CPU
		{0D8123AE-3E48-4A1A-BF82-EA8F30D1825E}.Debug|Any CPU.ActiveCfg = Debug|Any CPU
		{0D8123AE-3E48-4A1A-BF82-EA8F30D1825E}.Debug|Any CPU.Build.0 = Debug|Any CPU
		{0D8123AE-3E48-4A1A-BF82-EA8F30D1825E}.Release|Any CPU.ActiveCfg = Release|Any CPU
		{0D8123AE-3E48-4A1A-BF82-EA8F30D1825E}.Release|Any CPU.Build.0 = Release|Any CPU
		{0D93C831-63EC-41A3-BD98-50E7B3D3FEC3}.Debug|Any CPU.ActiveCfg = Debug|Any CPU
		{0D93C831-63EC-41A3-BD98-50E7B3D3FEC3}.Debug|Any CPU.Build.0 = Debug|Any CPU
		{0D93C831-63EC-41A3-BD98-50E7B3D3FEC3}.Release|Any CPU.ActiveCfg = Release|Any CPU
		{0D93C831-63EC-41A3-BD98-50E7B3D3FEC3}.Release|Any CPU.Build.0 = Release|Any CPU
		{9B98E948-EFBB-40EC-BCFA-760324D40D91}.Debug|Any CPU.ActiveCfg = Debug|Any CPU
		{9B98E948-EFBB-40EC-BCFA-760324D40D91}.Debug|Any CPU.Build.0 = Debug|Any CPU
		{9B98E948-EFBB-40EC-BCFA-760324D40D91}.Release|Any CPU.ActiveCfg = Release|Any CPU
		{9B98E948-EFBB-40EC-BCFA-760324D40D91}.Release|Any CPU.Build.0 = Release|Any CPU
		{25A08D58-16A1-4849-8EA8-9789F96ABCE6}.Debug|Any CPU.ActiveCfg = Debug|Any CPU
		{25A08D58-16A1-4849-8EA8-9789F96ABCE6}.Debug|Any CPU.Build.0 = Debug|Any CPU
		{25A08D58-16A1-4849-8EA8-9789F96ABCE6}.Release|Any CPU.ActiveCfg = Release|Any CPU
		{25A08D58-16A1-4849-8EA8-9789F96ABCE6}.Release|Any CPU.Build.0 = Release|Any CPU
		{D6EDAE7B-5A39-49FE-9776-F375F28EFDF9}.Debug|Any CPU.ActiveCfg = Debug|Any CPU
		{D6EDAE7B-5A39-49FE-9776-F375F28EFDF9}.Debug|Any CPU.Build.0 = Debug|Any CPU
		{D6EDAE7B-5A39-49FE-9776-F375F28EFDF9}.Release|Any CPU.ActiveCfg = Release|Any CPU
		{D6EDAE7B-5A39-49FE-9776-F375F28EFDF9}.Release|Any CPU.Build.0 = Release|Any CPU
		{074DB316-8CF3-4530-8183-A2D035C1DC0B}.Debug|Any CPU.ActiveCfg = Debug|Any CPU
		{074DB316-8CF3-4530-8183-A2D035C1DC0B}.Debug|Any CPU.Build.0 = Debug|Any CPU
		{074DB316-8CF3-4530-8183-A2D035C1DC0B}.Release|Any CPU.ActiveCfg = Release|Any CPU
		{074DB316-8CF3-4530-8183-A2D035C1DC0B}.Release|Any CPU.Build.0 = Release|Any CPU
		{1048F084-DF34-4B3F-A23C-7A7DCAD34F7B}.Debug|Any CPU.ActiveCfg = Debug|Any CPU
		{1048F084-DF34-4B3F-A23C-7A7DCAD34F7B}.Debug|Any CPU.Build.0 = Debug|Any CPU
		{1048F084-DF34-4B3F-A23C-7A7DCAD34F7B}.Release|Any CPU.ActiveCfg = Release|Any CPU
		{1048F084-DF34-4B3F-A23C-7A7DCAD34F7B}.Release|Any CPU.Build.0 = Release|Any CPU
		{E8E2A45A-6965-47F9-B5D2-805E1774FAF5}.Debug|Any CPU.ActiveCfg = Debug|Any CPU
		{E8E2A45A-6965-47F9-B5D2-805E1774FAF5}.Debug|Any CPU.Build.0 = Debug|Any CPU
		{E8E2A45A-6965-47F9-B5D2-805E1774FAF5}.Release|Any CPU.ActiveCfg = Release|Any CPU
		{E8E2A45A-6965-47F9-B5D2-805E1774FAF5}.Release|Any CPU.Build.0 = Release|Any CPU
		{7B951DC6-AE72-453E-AC4B-6F9E76F82416}.Debug|Any CPU.ActiveCfg = Debug|Any CPU
		{7B951DC6-AE72-453E-AC4B-6F9E76F82416}.Debug|Any CPU.Build.0 = Debug|Any CPU
		{7B951DC6-AE72-453E-AC4B-6F9E76F82416}.Release|Any CPU.ActiveCfg = Release|Any CPU
		{7B951DC6-AE72-453E-AC4B-6F9E76F82416}.Release|Any CPU.Build.0 = Release|Any CPU
		{81731CFD-C884-4FB4-B542-5033B2E5BB33}.Debug|Any CPU.ActiveCfg = Debug|Any CPU
		{81731CFD-C884-4FB4-B542-5033B2E5BB33}.Debug|Any CPU.Build.0 = Debug|Any CPU
		{81731CFD-C884-4FB4-B542-5033B2E5BB33}.Release|Any CPU.ActiveCfg = Release|Any CPU
		{81731CFD-C884-4FB4-B542-5033B2E5BB33}.Release|Any CPU.Build.0 = Release|Any CPU
		{70AA6EA6-63E2-4C9E-835E-97A3044AB2A2}.Debug|Any CPU.ActiveCfg = Debug|Any CPU
		{70AA6EA6-63E2-4C9E-835E-97A3044AB2A2}.Debug|Any CPU.Build.0 = Debug|Any CPU
		{70AA6EA6-63E2-4C9E-835E-97A3044AB2A2}.Release|Any CPU.ActiveCfg = Release|Any CPU
		{70AA6EA6-63E2-4C9E-835E-97A3044AB2A2}.Release|Any CPU.Build.0 = Release|Any CPU
		{38F811D5-884A-4BEA-A9AF-755F4C12210F}.Debug|Any CPU.ActiveCfg = Debug|Any CPU
		{38F811D5-884A-4BEA-A9AF-755F4C12210F}.Debug|Any CPU.Build.0 = Debug|Any CPU
		{38F811D5-884A-4BEA-A9AF-755F4C12210F}.Release|Any CPU.ActiveCfg = Release|Any CPU
		{38F811D5-884A-4BEA-A9AF-755F4C12210F}.Release|Any CPU.Build.0 = Release|Any CPU
		{11BD4D1C-69AE-4066-888F-736C6028F748}.Debug|Any CPU.ActiveCfg = Debug|Any CPU
		{11BD4D1C-69AE-4066-888F-736C6028F748}.Debug|Any CPU.Build.0 = Debug|Any CPU
		{11BD4D1C-69AE-4066-888F-736C6028F748}.Release|Any CPU.ActiveCfg = Release|Any CPU
		{11BD4D1C-69AE-4066-888F-736C6028F748}.Release|Any CPU.Build.0 = Release|Any CPU
		{4EDC7E42-3527-455A-90CF-0C81649400CB}.Debug|Any CPU.ActiveCfg = Debug|Any CPU
		{4EDC7E42-3527-455A-90CF-0C81649400CB}.Debug|Any CPU.Build.0 = Debug|Any CPU
		{4EDC7E42-3527-455A-90CF-0C81649400CB}.Release|Any CPU.ActiveCfg = Release|Any CPU
		{4EDC7E42-3527-455A-90CF-0C81649400CB}.Release|Any CPU.Build.0 = Release|Any CPU
		{B6835B24-5F1E-4661-A73C-524E68EDC627}.Debug|Any CPU.ActiveCfg = Debug|Any CPU
		{B6835B24-5F1E-4661-A73C-524E68EDC627}.Debug|Any CPU.Build.0 = Debug|Any CPU
		{B6835B24-5F1E-4661-A73C-524E68EDC627}.Release|Any CPU.ActiveCfg = Release|Any CPU
		{B6835B24-5F1E-4661-A73C-524E68EDC627}.Release|Any CPU.Build.0 = Release|Any CPU
		{BE4F3061-CED5-4187-81C9-1659E4B64E8E}.Debug|Any CPU.ActiveCfg = Debug|Any CPU
		{BE4F3061-CED5-4187-81C9-1659E4B64E8E}.Debug|Any CPU.Build.0 = Debug|Any CPU
		{BE4F3061-CED5-4187-81C9-1659E4B64E8E}.Release|Any CPU.ActiveCfg = Release|Any CPU
		{BE4F3061-CED5-4187-81C9-1659E4B64E8E}.Release|Any CPU.Build.0 = Release|Any CPU
		{E663D769-227D-4251-BFEC-2705C8648CF7}.Debug|Any CPU.ActiveCfg = Debug|Any CPU
		{E663D769-227D-4251-BFEC-2705C8648CF7}.Debug|Any CPU.Build.0 = Debug|Any CPU
		{E663D769-227D-4251-BFEC-2705C8648CF7}.Release|Any CPU.ActiveCfg = Release|Any CPU
		{E663D769-227D-4251-BFEC-2705C8648CF7}.Release|Any CPU.Build.0 = Release|Any CPU
		{DF1487B6-171E-498A-8965-6066F839311E}.Debug|Any CPU.ActiveCfg = Debug|Any CPU
		{DF1487B6-171E-498A-8965-6066F839311E}.Debug|Any CPU.Build.0 = Debug|Any CPU
		{DF1487B6-171E-498A-8965-6066F839311E}.Release|Any CPU.ActiveCfg = Release|Any CPU
		{DF1487B6-171E-498A-8965-6066F839311E}.Release|Any CPU.Build.0 = Release|Any CPU
		{838F3D09-CD65-418F-83CD-0653349AF1FD}.Debug|Any CPU.ActiveCfg = Debug|Any CPU
		{838F3D09-CD65-418F-83CD-0653349AF1FD}.Debug|Any CPU.Build.0 = Debug|Any CPU
		{838F3D09-CD65-418F-83CD-0653349AF1FD}.Release|Any CPU.ActiveCfg = Release|Any CPU
		{838F3D09-CD65-418F-83CD-0653349AF1FD}.Release|Any CPU.Build.0 = Release|Any CPU
		{4682AC15-5910-44F7-81BF-9DF0537CF11A}.Debug|Any CPU.ActiveCfg = Debug|Any CPU
		{4682AC15-5910-44F7-81BF-9DF0537CF11A}.Debug|Any CPU.Build.0 = Debug|Any CPU
		{4682AC15-5910-44F7-81BF-9DF0537CF11A}.Release|Any CPU.ActiveCfg = Release|Any CPU
		{4682AC15-5910-44F7-81BF-9DF0537CF11A}.Release|Any CPU.Build.0 = Release|Any CPU
	EndGlobalSection
	GlobalSection(SolutionProperties) = preSolution
		HideSolutionNode = FALSE
	EndGlobalSection
	GlobalSection(ExtensibilityGlobals) = postSolution
		SolutionGuid = {FCE3EBD1-6E0D-4A69-828B-3E5C88F57F1B}
	EndGlobalSection
EndGlobal
